
Microsoft Visual Studio Solution File, Format Version 12.00
# Visual Studio Version 17
VisualStudioVersion = 17.6.33829.357
MinimumVisualStudioVersion = 10.0.40219.1
Project("{FAE04EC0-301F-11D3-BF4B-00C04F79EFBC}") = "CS-Students-Crud", "CS-Students-Crud\CS-Students-Crud.csproj", "{A92E4433-F5FD-425B-808E-3EB44C4D041C}"
EndProject
Global
	GlobalSection(SolutionConfigurationPlatforms) = preSolution
		Debug|Any CPU = Debug|Any CPU
		Release|Any CPU = Release|Any CPU
	EndGlobalSection
	GlobalSection(ProjectConfigurationPlatforms) = postSolution
		{A92E4433-F5FD-425B-808E-3EB44C4D041C}.Debug|Any CPU.ActiveCfg = Debug|Any CPU
		{A92E4433-F5FD-425B-808E-3EB44C4D041C}.Debug|Any CPU.Build.0 = Debug|Any CPU
		{A92E4433-F5FD-425B-808E-3EB44C4D041C}.Release|Any CPU.ActiveCfg = Release|Any CPU
		{A92E4433-F5FD-425B-808E-3EB44C4D041C}.Release|Any CPU.Build.0 = Release|Any CPU
	EndGlobalSection
	GlobalSection(SolutionProperties) = preSolution
		HideSolutionNode = FALSE
	EndGlobalSection
	GlobalSection(ExtensibilityGlobals) = postSolution
		SolutionGuid = {76FF7BFB-1C3E-4399-8ECA-E280BD4CAA73}
	EndGlobalSection
EndGlobal
